
Microsoft Visual Studio Solution File, Format Version 12.00
# Visual Studio Version 17
VisualStudioVersion = 17.8.34322.80
MinimumVisualStudioVersion = 10.0.40219.1
Project("{FAE04EC0-301F-11D3-BF4B-00C04F79EFBC}") = "lr_4", "lr_4.csproj", "{37BDAB34-5143-422D-A5A4-B314417052DE}"
EndProject
Global
	GlobalSection(SolutionConfigurationPlatforms) = preSolution
		Debug|Any CPU = Debug|Any CPU
		Release|Any CPU = Release|Any CPU
	EndGlobalSection
	GlobalSection(ProjectConfigurationPlatforms) = postSolution
		{37BDAB34-5143-422D-A5A4-B314417052DE}.Debug|Any CPU.ActiveCfg = Debug|Any CPU
		{37BDAB34-5143-422D-A5A4-B314417052DE}.Debug|Any CPU.Build.0 = Debug|Any CPU
		{37BDAB34-5143-422D-A5A4-B314417052DE}.Release|Any CPU.ActiveCfg = Release|Any CPU
		{37BDAB34-5143-422D-A5A4-B314417052DE}.Release|Any CPU.Build.0 = Release|Any CPU
	EndGlobalSection
	GlobalSection(SolutionProperties) = preSolution
		HideSolutionNode = FALSE
	EndGlobalSection
	GlobalSection(ExtensibilityGlobals) = postSolution
		SolutionGuid = {80F0EDA3-59EF-403B-A700-F8E7E727E6F9}
	EndGlobalSection
EndGlobal
